
Microsoft Visual Studio Solution File, Format Version 12.00
# Visual Studio 15
VisualStudioVersion = 15.0.26403.3
MinimumVisualStudioVersion = 10.0.40219.1
Project("{FAE04EC0-301F-11D3-BF4B-00C04F79EFBC}") = "HeapAndStack", "HeapAndStack\HeapAndStack.csproj", "{EFFE5DBA-D14D-49B7-B170-1FBD0AF548AF}"
EndProject
Global
	GlobalSection(SolutionConfigurationPlatforms) = preSolution
		Debug|Any CPU = Debug|Any CPU
		Release|Any CPU = Release|Any CPU
	EndGlobalSection
	GlobalSection(ProjectConfigurationPlatforms) = postSolution
		{EFFE5DBA-D14D-49B7-B170-1FBD0AF548AF}.Debug|Any CPU.ActiveCfg = Debug|Any CPU
		{EFFE5DBA-D14D-49B7-B170-1FBD0AF548AF}.Debug|Any CPU.Build.0 = Debug|Any CPU
		{EFFE5DBA-D14D-49B7-B170-1FBD0AF548AF}.Release|Any CPU.ActiveCfg = Release|Any CPU
		{EFFE5DBA-D14D-49B7-B170-1FBD0AF548AF}.Release|Any CPU.Build.0 = Release|Any CPU
	EndGlobalSection
	GlobalSection(SolutionProperties) = preSolution
		HideSolutionNode = FALSE
	EndGlobalSection
EndGlobal
